// !$*UTF8*$!
{
	archiveVersion = 1;
	classes = {
	};
	objectVersion = 56;
	objects = {

/* Begin PBXBuildFile section */
		AA76CC952ADD646E007110A6 /* deneme.swift in Sources */ = {isa = PBXBuildFile; fileRef = AA76CC942ADD646E007110A6 /* deneme.swift */; };
		AA7902762AD93D240065859E /* webviewAppApp.swift in Sources */ = {isa = PBXBuildFile; fileRef = AA7902752AD93D240065859E /* webviewAppApp.swift */; };
		AA7902782AD93D240065859E /* ContentView.swift in Sources */ = {isa = PBXBuildFile; fileRef = AA7902772AD93D240065859E /* ContentView.swift */; };
		AA79027A2AD93D250065859E /* Assets.xcassets in Resources */ = {isa = PBXBuildFile; fileRef = AA7902792AD93D250065859E /* Assets.xcassets */; };
		AA79027D2AD93D250065859E /* Preview Assets.xcassets in Resources */ = {isa = PBXBuildFile; fileRef = AA79027C2AD93D250065859E /* Preview Assets.xcassets */; };
		AA7902872AD93D250065859E /* webviewAppTests.swift in Sources */ = {isa = PBXBuildFile; fileRef = AA7902862AD93D250065859E /* webviewAppTests.swift */; };
		AA7902912AD93D250065859E /* webviewAppUITests.swift in Sources */ = {isa = PBXBuildFile; fileRef = AA7902902AD93D250065859E /* webviewAppUITests.swift */; };
		AA7902932AD93D250065859E /* webviewAppUITestsLaunchTests.swift in Sources */ = {isa = PBXBuildFile; fileRef = AA7902922AD93D250065859E /* webviewAppUITestsLaunchTests.swift */; };
/* End PBXBuildFile section */

/* Begin PBXContainerItemProxy section */
		AA7902832AD93D250065859E /* PBXContainerItemProxy */ = {
			isa = PBXContainerItemProxy;
			containerPortal = AA79026A2AD93D240065859E /* Project object */;
			proxyType = 1;
			remoteGlobalIDString = AA7902712AD93D240065859E;
			remoteInfo = webviewApp;
		};
		AA79028D2AD93D250065859E /* PBXContainerItemProxy */ = {
			isa = PBXContainerItemProxy;
			containerPortal = AA79026A2AD93D240065859E /* Project object */;
			proxyType = 1;
			remoteGlobalIDString = AA7902712AD93D240065859E;
			remoteInfo = webviewApp;
		};
/* End PBXContainerItemProxy section */

/* Begin PBXFileReference section */
		AA76CC942ADD646E007110A6 /* deneme.swift */ = {isa = PBXFileReference; lastKnownFileType = sourcecode.swift; path = deneme.swift; sourceTree = "<group>"; };
		AA7902722AD93D240065859E /* webviewApp.app */ = {isa = PBXFileReference; explicitFileType = wrapper.application; includeInIndex = 0; path = webviewApp.app; sourceTree = BUILT_PRODUCTS_DIR; };
		AA7902752AD93D240065859E /* webviewAppApp.swift */ = {isa = PBXFileReference; lastKnownFileType = sourcecode.swift; path = webviewAppApp.swift; sourceTree = "<group>"; };
		AA7902772AD93D240065859E /* ContentView.swift */ = {isa = PBXFileReference; lastKnownFileType = sourcecode.swift; path = ContentView.swift; sourceTree = "<group>"; };
		AA7902792AD93D250065859E /* Assets.xcassets */ = {isa = PBXFileReference; lastKnownFileType = folder.assetcatalog; path = Assets.xcassets; sourceTree = "<group>"; };
		AA79027C2AD93D250065859E /* Preview Assets.xcassets */ = {isa = PBXFileReference; lastKnownFileType = folder.assetcatalog; path = "Preview Assets.xcassets"; sourceTree = "<group>"; };
		AA7902822AD93D250065859E /* webviewAppTests.xctest */ = {isa = PBXFileReference; explicitFileType = wrapper.cfbundle; includeInIndex = 0; path = webviewAppTests.xctest; sourceTree = BUILT_PRODUCTS_DIR; };
		AA7902862AD93D250065859E /* webviewAppTests.swift */ = {isa = PBXFileReference; lastKnownFileType = sourcecode.swift; path = webviewAppTests.swift; sourceTree = "<group>"; };
		AA79028C2AD93D250065859E /* webviewAppUITests.xctest */ = {isa = PBXFileReference; explicitFileType = wrapper.cfbundle; includeInIndex = 0; path = webviewAppUITests.xctest; sourceTree = BUILT_PRODUCTS_DIR; };
		AA7902902AD93D250065859E /* webviewAppUITests.swift */ = {isa = PBXFileReference; lastKnownFileType = sourcecode.swift; path = webviewAppUITests.swift; sourceTree = "<group>"; };
		AA7902922AD93D250065859E /* webviewAppUITestsLaunchTests.swift */ = {isa = PBXFileReference; lastKnownFileType = sourcecode.swift; path = webviewAppUITestsLaunchTests.swift; sourceTree = "<group>"; };
/* End PBXFileReference section */

/* Begin PBXFrameworksBuildPhase section */
		AA79026F2AD93D240065859E /* Frameworks */ = {
			isa = PBXFrameworksBuildPhase;
			buildActionMask = 2147483647;
			files = (
			);
			runOnlyForDeploymentPostprocessing = 0;
		};
		AA79027F2AD93D250065859E /* Frameworks */ = {
			isa = PBXFrameworksBuildPhase;
			buildActionMask = 2147483647;
			files = (
			);
			runOnlyForDeploymentPostprocessing = 0;
		};
		AA7902892AD93D250065859E /* Frameworks */ = {
			isa = PBXFrameworksBuildPhase;
			buildActionMask = 2147483647;
			files = (
			);
			runOnlyForDeploymentPostprocessing = 0;
		};
/* End PBXFrameworksBuildPhase section */

/* Begin PBXGroup section */
		AA7902692AD93D240065859E = {
			isa = PBXGroup;
			children = (
				AA7902742AD93D240065859E /* webviewApp */,
				AA7902852AD93D250065859E /* webviewAppTests */,
				AA79028F2AD93D250065859E /* webviewAppUITests */,
				AA7902732AD93D240065859E /* Products */,
			);
			sourceTree = "<group>";
		};
		AA7902732AD93D240065859E /* Products */ = {
			isa = PBXGroup;
			children = (
				AA7902722AD93D240065859E /* webviewApp.app */,
				AA7902822AD93D250065859E /* webviewAppTests.xctest */,
				AA79028C2AD93D250065859E /* webviewAppUITests.xctest */,
			);
			name = Products;
			sourceTree = "<group>";
		};
		AA7902742AD93D240065859E /* webviewApp */ = {
			isa = PBXGroup;
			children = (
				AA7902752AD93D240065859E /* webviewAppApp.swift */,
				AA7902772AD93D240065859E /* ContentView.swift */,
				AA7902792AD93D250065859E /* Assets.xcassets */,
				AA79027B2AD93D250065859E /* Preview Content */,
				AA76CC942ADD646E007110A6 /* deneme.swift */,
			);
			path = webviewApp;
			sourceTree = "<group>";
		};
		AA79027B2AD93D250065859E /* Preview Content */ = {
			isa = PBXGroup;
			children = (
				AA79027C2AD93D250065859E /* Preview Assets.xcassets */,
			);
			path = "Preview Content";
			sourceTree = "<group>";
		};
		AA7902852AD93D250065859E /* webviewAppTests */ = {
			isa = PBXGroup;
			children = (
				AA7902862AD93D250065859E /* webviewAppTests.swift */,
			);
			path = webviewAppTests;
			sourceTree = "<group>";
		};
		AA79028F2AD93D250065859E /* webviewAppUITests */ = {
			isa = PBXGroup;
			children = (
				AA7902902AD93D250065859E /* webviewAppUITests.swift */,
				AA7902922AD93D250065859E /* webviewAppUITestsLaunchTests.swift */,
			);
			path = webviewAppUITests;
			sourceTree = "<group>";
		};
/* End PBXGroup section */

/* Begin PBXNativeTarget section */
		AA7902712AD93D240065859E /* webviewApp */ = {
			isa = PBXNativeTarget;
			buildConfigurationList = AA7902962AD93D250065859E /* Build configuration list for PBXNativeTarget "webviewApp" */;
			buildPhases = (
				AA79026E2AD93D240065859E /* Sources */,
				AA79026F2AD93D240065859E /* Frameworks */,
				AA7902702AD93D240065859E /* Resources */,
			);
			buildRules = (
			);
			dependencies = (
			);
			name = webviewApp;
			productName = webviewApp;
			productReference = AA7902722AD93D240065859E /* webviewApp.app */;
			productType = "com.apple.product-type.application";
		};
		AA7902812AD93D250065859E /* webviewAppTests */ = {
			isa = PBXNativeTarget;
			buildConfigurationList = AA7902992AD93D250065859E /* Build configuration list for PBXNativeTarget "webviewAppTests" */;
			buildPhases = (
				AA79027E2AD93D250065859E /* Sources */,
				AA79027F2AD93D250065859E /* Frameworks */,
				AA7902802AD93D250065859E /* Resources */,
			);
			buildRules = (
			);
			dependencies = (
				AA7902842AD93D250065859E /* PBXTargetDependency */,
			);
			name = webviewAppTests;
			productName = webviewAppTests;
			productReference = AA7902822AD93D250065859E /* webviewAppTests.xctest */;
			productType = "com.apple.product-type.bundle.unit-test";
		};
		AA79028B2AD93D250065859E /* webviewAppUITests */ = {
			isa = PBXNativeTarget;
			buildConfigurationList = AA79029C2AD93D250065859E /* Build configuration list for PBXNativeTarget "webviewAppUITests" */;
			buildPhases = (
				AA7902882AD93D250065859E /* Sources */,
				AA7902892AD93D250065859E /* Frameworks */,
				AA79028A2AD93D250065859E /* Resources */,
			);
			buildRules = (
			);
			dependencies = (
				AA79028E2AD93D250065859E /* PBXTargetDependency */,
			);
			name = webviewAppUITests;
			productName = webviewAppUITests;
			productReference = AA79028C2AD93D250065859E /* webviewAppUITests.xctest */;
			productType = "com.apple.product-type.bundle.ui-testing";
		};
/* End PBXNativeTarget section */

/* Begin PBXProject section */
		AA79026A2AD93D240065859E /* Project object */ = {
			isa = PBXProject;
			attributes = {
				BuildIndependentTargetsInParallel = 1;
				LastSwiftUpdateCheck = 1500;
				LastUpgradeCheck = 1500;
				TargetAttributes = {
					AA7902712AD93D240065859E = {
						CreatedOnToolsVersion = 15.0;
					};
					AA7902812AD93D250065859E = {
						CreatedOnToolsVersion = 15.0;
						TestTargetID = AA7902712AD93D240065859E;
					};
					AA79028B2AD93D250065859E = {
						CreatedOnToolsVersion = 15.0;
						TestTargetID = AA7902712AD93D240065859E;
					};
				};
			};
			buildConfigurationList = AA79026D2AD93D240065859E /* Build configuration list for PBXProject "webviewApp" */;
			compatibilityVersion = "Xcode 14.0";
			developmentRegion = en;
			hasScannedForEncodings = 0;
			knownRegions = (
				en,
				Base,
			);
			mainGroup = AA7902692AD93D240065859E;
			productRefGroup = AA7902732AD93D240065859E /* Products */;
			projectDirPath = "";
			projectRoot = "";
			targets = (
				AA7902712AD93D240065859E /* webviewApp */,
				AA7902812AD93D250065859E /* webviewAppTests */,
				AA79028B2AD93D250065859E /* webviewAppUITests */,
			);
		};
/* End PBXProject section */

/* Begin PBXResourcesBuildPhase section */
		AA7902702AD93D240065859E /* Resources */ = {
			isa = PBXResourcesBuildPhase;
			buildActionMask = 2147483647;
			files = (
				AA79027D2AD93D250065859E /* Preview Assets.xcassets in Resources */,
				AA79027A2AD93D250065859E /* Assets.xcassets in Resources */,
			);
			runOnlyForDeploymentPostprocessing = 0;
		};
		AA7902802AD93D250065859E /* Resources */ = {
			isa = PBXResourcesBuildPhase;
			buildActionMask = 2147483647;
			files = (
			);
			runOnlyForDeploymentPostprocessing = 0;
		};
		AA79028A2AD93D250065859E /* Resources */ = {
			isa = PBXResourcesBuildPhase;
			buildActionMask = 2147483647;
			files = (
			);
			runOnlyForDeploymentPostprocessing = 0;
		};
/* End PBXResourcesBuildPhase section */

/* Begin PBXSourcesBuildPhase section */
		AA79026E2AD93D240065859E /* Sources */ = {
			isa = PBXSourcesBuildPhase;
			buildActionMask = 2147483647;
			files = (
				AA7902782AD93D240065859E /* ContentView.swift in Sources */,
				AA76CC952ADD646E007110A6 /* deneme.swift in Sources */,
				AA7902762AD93D240065859E /* webviewAppApp.swift in Sources */,
			);
			runOnlyForDeploymentPostprocessing = 0;
		};
		AA79027E2AD93D250065859E /* Sources */ = {
			isa = PBXSourcesBuildPhase;
			buildActionMask = 2147483647;
			files = (
				AA7902872AD93D250065859E /* webviewAppTests.swift in Sources */,
			);
			runOnlyForDeploymentPostprocessing = 0;
		};
		AA7902882AD93D250065859E /* Sources */ = {
			isa = PBXSourcesBuildPhase;
			buildActionMask = 2147483647;
			files = (
				AA7902932AD93D250065859E /* webviewAppUITestsLaunchTests.swift in Sources */,
				AA7902912AD93D250065859E /* webviewAppUITests.swift in Sources */,
			);
			runOnlyForDeploymentPostprocessing = 0;
		};
/* End PBXSourcesBuildPhase section */

/* Begin PBXTargetDependency section */
		AA7902842AD93D250065859E /* PBXTargetDependency */ = {
			isa = PBXTargetDependency;
			target = AA7902712AD93D240065859E /* webviewApp */;
			targetProxy = AA7902832AD93D250065859E /* PBXContainerItemProxy */;
		};
		AA79028E2AD93D250065859E /* PBXTargetDependency */ = {
			isa = PBXTargetDependency;
			target = AA7902712AD93D240065859E /* webviewApp */;
			targetProxy = AA79028D2AD93D250065859E /* PBXContainerItemProxy */;
		};
/* End PBXTargetDependency section */

/* Begin XCBuildConfiguration section */
		AA7902942AD93D250065859E /* Debug */ = {
			isa = XCBuildConfiguration;
			buildSettings = {
				ALWAYS_SEARCH_USER_PATHS = NO;
				ASSETCATALOG_COMPILER_GENERATE_SWIFT_ASSET_SYMBOL_EXTENSIONS = YES;
				CLANG_ANALYZER_NONNULL = YES;
				CLANG_ANALYZER_NUMBER_OBJECT_CONVERSION = YES_AGGRESSIVE;
				CLANG_CXX_LANGUAGE_STANDARD = "gnu++20";
				CLANG_ENABLE_MODULES = YES;
				CLANG_ENABLE_OBJC_ARC = YES;
				CLANG_ENABLE_OBJC_WEAK = YES;
				CLANG_WARN_BLOCK_CAPTURE_AUTORELEASING = YES;
				CLANG_WARN_BOOL_CONVERSION = YES;
				CLANG_WARN_COMMA = YES;
				CLANG_WARN_CONSTANT_CONVERSION = YES;
				CLANG_WARN_DEPRECATED_OBJC_IMPLEMENTATIONS = YES;
				CLANG_WARN_DIRECT_OBJC_ISA_USAGE = YES_ERROR;
				CLANG_WARN_DOCUMENTATION_COMMENTS = YES;
				CLANG_WARN_EMPTY_BODY = YES;
				CLANG_WARN_ENUM_CONVERSION = YES;
				CLANG_WARN_INFINITE_RECURSION = YES;
				CLANG_WARN_INT_CONVERSION = YES;
				CLANG_WARN_NON_LITERAL_NULL_CONVERSION = YES;
				CLANG_WARN_OBJC_IMPLICIT_RETAIN_SELF = YES;
				CLANG_WARN_OBJC_LITERAL_CONVERSION = YES;
				CLANG_WARN_OBJC_ROOT_CLASS = YES_ERROR;
				CLANG_WARN_QUOTED_INCLUDE_IN_FRAMEWORK_HEADER = YES;
				CLANG_WARN_RANGE_LOOP_ANALYSIS = YES;
				CLANG_WARN_STRICT_PROTOTYPES = YES;
				CLANG_WARN_SUSPICIOUS_MOVE = YES;
				CLANG_WARN_UNGUARDED_AVAILABILITY = YES_AGGRESSIVE;
				CLANG_WARN_UNREACHABLE_CODE = YES;
				CLANG_WARN__DUPLICATE_METHOD_MATCH = YES;
				COPY_PHASE_STRIP = NO;
				DEBUG_INFORMATION_FORMAT = dwarf;
				ENABLE_STRICT_OBJC_MSGSEND = YES;
				ENABLE_TESTABILITY = YES;
				ENABLE_USER_SCRIPT_SANDBOXING = YES;
				GCC_C_LANGUAGE_STANDARD = gnu17;
				GCC_DYNAMIC_NO_PIC = NO;
				GCC_NO_COMMON_BLOCKS = YES;
				GCC_OPTIMIZATION_LEVEL = 0;
				GCC_PREPROCESSOR_DEFINITIONS = (
					"DEBUG=1",
					"$(inherited)",
				);
				GCC_WARN_64_TO_32_BIT_CONVERSION = YES;
				GCC_WARN_ABOUT_RETURN_TYPE = YES_ERROR;
				GCC_WARN_UNDECLARED_SELECTOR = YES;
				GCC_WARN_UNINITIALIZED_AUTOS = YES_AGGRESSIVE;
				GCC_WARN_UNUSED_FUNCTION = YES;
				GCC_WARN_UNUSED_VARIABLE = YES;
				INFOPLIST_KEY_NSMicrophoneUsageDescription = "This App use Mic";
				IPHONEOS_DEPLOYMENT_TARGET = 17.0;
				LOCALIZATION_PREFERS_STRING_CATALOGS = YES;
				MTL_ENABLE_DEBUG_INFO = INCLUDE_SOURCE;
				MTL_FAST_MATH = YES;
				ONLY_ACTIVE_ARCH = YES;
				SDKROOT = iphoneos;
				SWIFT_ACTIVE_COMPILATION_CONDITIONS = "DEBUG $(inherited)";
				SWIFT_OPTIMIZATION_LEVEL = "-Onone";
			};
			name = Debug;
		};
		AA7902952AD93D250065859E /* Release */ = {
			isa = XCBuildConfiguration;
			buildSettings = {
				ALWAYS_SEARCH_USER_PATHS = NO;
				ASSETCATALOG_COMPILER_GENERATE_SWIFT_ASSET_SYMBOL_EXTENSIONS = YES;
				CLANG_ANALYZER_NONNULL = YES;
				CLANG_ANALYZER_NUMBER_OBJECT_CONVERSION = YES_AGGRESSIVE;
				CLANG_CXX_LANGUAGE_STANDARD = "gnu++20";
				CLANG_ENABLE_MODULES = YES;
				CLANG_ENABLE_OBJC_ARC = YES;
				CLANG_ENABLE_OBJC_WEAK = YES;
				CLANG_WARN_BLOCK_CAPTURE_AUTORELEASING = YES;
				CLANG_WARN_BOOL_CONVERSION = YES;
				CLANG_WARN_COMMA = YES;
				CLANG_WARN_CONSTANT_CONVERSION = YES;
				CLANG_WARN_DEPRECATED_OBJC_IMPLEMENTATIONS = YES;
				CLANG_WARN_DIRECT_OBJC_ISA_USAGE = YES_ERROR;
				CLANG_WARN_DOCUMENTATION_COMMENTS = YES;
				CLANG_WARN_EMPTY_BODY = YES;
				CLANG_WARN_ENUM_CONVERSION = YES;
				CLANG_WARN_INFINITE_RECURSION = YES;
				CLANG_WARN_INT_CONVERSION = YES;
				CLANG_WARN_NON_LITERAL_NULL_CONVERSION = YES;
				CLANG_WARN_OBJC_IMPLICIT_RETAIN_SELF = YES;
				CLANG_WARN_OBJC_LITERAL_CONVERSION = YES;
				CLANG_WARN_OBJC_ROOT_CLASS = YES_ERROR;
				CLANG_WARN_QUOTED_INCLUDE_IN_FRAMEWORK_HEADER = YES;
				CLANG_WARN_RANGE_LOOP_ANALYSIS = YES;
				CLANG_WARN_STRICT_PROTOTYPES = YES;
				CLANG_WARN_SUSPICIOUS_MOVE = YES;
				CLANG_WARN_UNGUARDED_AVAILABILITY = YES_AGGRESSIVE;
				CLANG_WARN_UNREACHABLE_CODE = YES;
				CLANG_WARN__DUPLICATE_METHOD_MATCH = YES;
				COPY_PHASE_STRIP = NO;
				DEBUG_INFORMATION_FORMAT = "dwarf-with-dsym";
				ENABLE_NS_ASSERTIONS = NO;
				ENABLE_STRICT_OBJC_MSGSEND = YES;
				ENABLE_USER_SCRIPT_SANDBOXING = YES;
				GCC_C_LANGUAGE_STANDARD = gnu17;
				GCC_NO_COMMON_BLOCKS = YES;
				GCC_WARN_64_TO_32_BIT_CONVERSION = YES;
				GCC_WARN_ABOUT_RETURN_TYPE = YES_ERROR;
				GCC_WARN_UNDECLARED_SELECTOR = YES;
				GCC_WARN_UNINITIALIZED_AUTOS = YES_AGGRESSIVE;
				GCC_WARN_UNUSED_FUNCTION = YES;
				GCC_WARN_UNUSED_VARIABLE = YES;
				INFOPLIST_KEY_NSMicrophoneUsageDescription = "This App use Mic";
				IPHONEOS_DEPLOYMENT_TARGET = 17.0;
				LOCALIZATION_PREFERS_STRING_CATALOGS = YES;
				MTL_ENABLE_DEBUG_INFO = NO;
				MTL_FAST_MATH = YES;
				SDKROOT = iphoneos;
				SWIFT_COMPILATION_MODE = wholemodule;
				VALIDATE_PRODUCT = YES;
			};
			name = Release;
		};
		AA7902972AD93D250065859E /* Debug */ = {
			isa = XCBuildConfiguration;
			buildSettings = {
				ASSETCATALOG_COMPILER_APPICON_NAME = AppIcon;
				ASSETCATALOG_COMPILER_GLOBAL_ACCENT_COLOR_NAME = AccentColor;
				CODE_SIGN_STYLE = Automatic;
				CURRENT_PROJECT_VERSION = 1;
				DEVELOPMENT_ASSET_PATHS = "\"webviewApp/Preview Content\"";
				DEVELOPMENT_TEAM = BR63FVZHDW;
				ENABLE_PREVIEWS = YES;
				GENERATE_INFOPLIST_FILE = YES;
				INFOPLIST_KEY_UIApplicationSceneManifest_Generation = YES;
				INFOPLIST_KEY_UIApplicationSupportsIndirectInputEvents = YES;
				INFOPLIST_KEY_UILaunchScreen_Generation = YES;
				INFOPLIST_KEY_UISupportedInterfaceOrientations_iPad = "UIInterfaceOrientationPortrait UIInterfaceOrientationPortraitUpsideDown UIInterfaceOrientationLandscapeLeft UIInterfaceOrientationLandscapeRight";
				INFOPLIST_KEY_UISupportedInterfaceOrientations_iPhone = "UIInterfaceOrientationPortrait UIInterfaceOrientationLandscapeLeft UIInterfaceOrientationLandscapeRight";
				LD_RUNPATH_SEARCH_PATHS = (
					"$(inherited)",
					"@executable_path/Frameworks",
				);
				MARKETING_VERSION = 1.0;
				PRODUCT_BUNDLE_IDENTIFIER = com.webviewApp;
				PRODUCT_NAME = "$(TARGET_NAME)";
				SWIFT_EMIT_LOC_STRINGS = YES;
				SWIFT_VERSION = 5.0;
				TARGETED_DEVICE_FAMILY = "1,2";
			};
			name = Debug;
		};
		AA7902982AD93D250065859E /* Release */ = {
			isa = XCBuildConfiguration;
			buildSettings = {
				ASSETCATALOG_COMPILER_APPICON_NAME = AppIcon;
				ASSETCATALOG_COMPILER_GLOBAL_ACCENT_COLOR_NAME = AccentColor;
				CODE_SIGN_STYLE = Automatic;
				CURRENT_PROJECT_VERSION = 1;
				DEVELOPMENT_ASSET_PATHS = "\"webviewApp/Preview Content\"";
				DEVELOPMENT_TEAM = BR63FVZHDW;
				ENABLE_PREVIEWS = YES;
				GENERATE_INFOPLIST_FILE = YES;
				INFOPLIST_KEY_UIApplicationSceneManifest_Generation = YES;
				INFOPLIST_KEY_UIApplicationSupportsIndirectInputEvents = YES;
				INFOPLIST_KEY_UILaunchScreen_Generation = YES;
				INFOPLIST_KEY_UISupportedInterfaceOrientations_iPad = "UIInterfaceOrientationPortrait UIInterfaceOrientationPortraitUpsideDown UIInterfaceOrientationLandscapeLeft UIInterfaceOrientationLandscapeRight";
				INFOPLIST_KEY_UISupportedInterfaceOrientations_iPhone = "UIInterfaceOrientationPortrait UIInterfaceOrientationLandscapeLeft UIInterfaceOrientationLandscapeRight";
				LD_RUNPATH_SEARCH_PATHS = (
					"$(inherited)",
					"@executable_path/Frameworks",
				);
				MARKETING_VERSION = 1.0;
				PRODUCT_BUNDLE_IDENTIFIER = com.webviewApp;
				PRODUCT_NAME = "$(TARGET_NAME)";
				SWIFT_EMIT_LOC_STRINGS = YES;
				SWIFT_VERSION = 5.0;
				TARGETED_DEVICE_FAMILY = "1,2";
			};
			name = Release;
		};
		AA79029A2AD93D250065859E /* Debug */ = {
			isa = XCBuildConfiguration;
			buildSettings = {
				ALWAYS_EMBED_SWIFT_STANDARD_LIBRARIES = YES;
				BUNDLE_LOADER = "$(TEST_HOST)";
				CODE_SIGN_STYLE = Automatic;
				CURRENT_PROJECT_VERSION = 1;
				DEVELOPMENT_TEAM = BR63FVZHDW;
				GENERATE_INFOPLIST_FILE = YES;
				IPHONEOS_DEPLOYMENT_TARGET = 17.0;
				MARKETING_VERSION = 1.0;
				PRODUCT_BUNDLE_IDENTIFIER = com.webviewAppTests;
				PRODUCT_NAME = "$(TARGET_NAME)";
				SWIFT_EMIT_LOC_STRINGS = NO;
				SWIFT_VERSION = 5.0;
				TARGETED_DEVICE_FAMILY = "1,2";
				TEST_HOST = "$(BUILT_PRODUCTS_DIR)/webviewApp.app/$(BUNDLE_EXECUTABLE_FOLDER_PATH)/webviewApp";
			};
			name = Debug;
		};
		AA79029B2AD93D250065859E /* Release */ = {
			isa = XCBuildConfiguration;
			buildSettings = {
				ALWAYS_EMBED_SWIFT_STANDARD_LIBRARIES = YES;
				BUNDLE_LOADER = "$(TEST_HOST)";
				CODE_SIGN_STYLE = Automatic;
				CURRENT_PROJECT_VERSION = 1;
				DEVELOPMENT_TEAM = BR63FVZHDW;
				GENERATE_INFOPLIST_FILE = YES;
				IPHONEOS_DEPLOYMENT_TARGET = 17.0;
				MARKETING_VERSION = 1.0;
				PRODUCT_BUNDLE_IDENTIFIER = com.webviewAppTests;
				PRODUCT_NAME = "$(TARGET_NAME)";
				SWIFT_EMIT_LOC_STRINGS = NO;
				SWIFT_VERSION = 5.0;
				TARGETED_DEVICE_FAMILY = "1,2";
				TEST_HOST = "$(BUILT_PRODUCTS_DIR)/webviewApp.app/$(BUNDLE_EXECUTABLE_FOLDER_PATH)/webviewApp";
			};
			name = Release;
		};
		AA79029D2AD93D250065859E /* Debug */ = {
			isa = XCBuildConfiguration;
			buildSettings = {
				ALWAYS_EMBED_SWIFT_STANDARD_LIBRARIES = YES;
				CODE_SIGN_STYLE = Automatic;
				CURRENT_PROJECT_VERSION = 1;
				DEVELOPMENT_TEAM = BR63FVZHDW;
				GENERATE_INFOPLIST_FILE = YES;
				MARKETING_VERSION = 1.0;
				PRODUCT_BUNDLE_IDENTIFIER = com.webviewAppUITests;
				PRODUCT_NAME = "$(TARGET_NAME)";
				SWIFT_EMIT_LOC_STRINGS = NO;
				SWIFT_VERSION = 5.0;
				TARGETED_DEVICE_FAMILY = "1,2";
				TEST_TARGET_NAME = webviewApp;
			};
			name = Debug;
		};
		AA79029E2AD93D250065859E /* Release */ = {
			isa = XCBuildConfiguration;
			buildSettings = {
				ALWAYS_EMBED_SWIFT_STANDARD_LIBRARIES = YES;
				CODE_SIGN_STYLE = Automatic;
				CURRENT_PROJECT_VERSION = 1;
				DEVELOPMENT_TEAM = BR63FVZHDW;
				GENERATE_INFOPLIST_FILE = YES;
				MARKETING_VERSION = 1.0;
				PRODUCT_BUNDLE_IDENTIFIER = com.webviewAppUITests;
				PRODUCT_NAME = "$(TARGET_NAME)";
				SWIFT_EMIT_LOC_STRINGS = NO;
				SWIFT_VERSION = 5.0;
				TARGETED_DEVICE_FAMILY = "1,2";
				TEST_TARGET_NAME = webviewApp;
			};
			name = Release;
		};
/* End XCBuildConfiguration section */

/* Begin XCConfigurationList section */
		AA79026D2AD93D240065859E /* Build configuration list for PBXProject "webviewApp" */ = {
			isa = XCConfigurationList;
			buildConfigurations = (
				AA7902942AD93D250065859E /* Debug */,
				AA7902952AD93D250065859E /* Release */,
			);
			defaultConfigurationIsVisible = 0;
			defaultConfigurationName = Release;
		};
		AA7902962AD93D250065859E /* Build configuration list for PBXNativeTarget "webviewApp" */ = {
			isa = XCConfigurationList;
			buildConfigurations = (
				AA7902972AD93D250065859E /* Debug */,
				AA7902982AD93D250065859E /* Release */,
			);
			defaultConfigurationIsVisible = 0;
			defaultConfigurationName = Release;
		};
		AA7902992AD93D250065859E /* Build configuration list for PBXNativeTarget "webviewAppTests" */ = {
			isa = XCConfigurationList;
			buildConfigurations = (
				AA79029A2AD93D250065859E /* Debug */,
				AA79029B2AD93D250065859E /* Release */,
			);
			defaultConfigurationIsVisible = 0;
			defaultConfigurationName = Release;
		};
		AA79029C2AD93D250065859E /* Build configuration list for PBXNativeTarget "webviewAppUITests" */ = {
			isa = XCConfigurationList;
			buildConfigurations = (
				AA79029D2AD93D250065859E /* Debug */,
				AA79029E2AD93D250065859E /* Release */,
			);
			defaultConfigurationIsVisible = 0;
			defaultConfigurationName = Release;
		};
/* End XCConfigurationList section */
	};
	rootObject = AA79026A2AD93D240065859E /* Project object */;
}
